// !$*UTF8*$!
{
	archiveVersion = 1;
	classes = {
	};
	objectVersion = 46;
	objects = {

/* Begin PBXBuildFile section */
		279C7CE21E7962EA001C25FE /* AppDelegate.swift in Sources */ = {isa = PBXBuildFile; fileRef = 279C7CE11E7962EA001C25FE /* AppDelegate.swift */; };
		279C7CE41E7962EA001C25FE /* LoginVC.swift in Sources */ = {isa = PBXBuildFile; fileRef = 279C7CE31E7962EA001C25FE /* LoginVC.swift */; };
		279C7CE71E7962EA001C25FE /* Main.storyboard in Resources */ = {isa = PBXBuildFile; fileRef = 279C7CE51E7962EA001C25FE /* Main.storyboard */; };
		279C7CE91E7962EA001C25FE /* Assets.xcassets in Resources */ = {isa = PBXBuildFile; fileRef = 279C7CE81E7962EA001C25FE /* Assets.xcassets */; };
		279C7CEC1E7962EA001C25FE /* LaunchScreen.storyboard in Resources */ = {isa = PBXBuildFile; fileRef = 279C7CEA1E7962EA001C25FE /* LaunchScreen.storyboard */; };
		27F201E91E796C7600A5156E /* CustomTextField.swift in Sources */ = {isa = PBXBuildFile; fileRef = 27F201E81E796C7600A5156E /* CustomTextField.swift */; };
		27F201EB1E796DC800A5156E /* CustomButton.swift in Sources */ = {isa = PBXBuildFile; fileRef = 27F201EA1E796DC800A5156E /* CustomButton.swift */; };
		27F201EF1E79804700A5156E /* AnimationEngine.swift in Sources */ = {isa = PBXBuildFile; fileRef = 27F201EE1E79804700A5156E /* AnimationEngine.swift */; };
		EC46CFDE812E22211107F0FF /* Pods_BrainTeaser.framework in Frameworks */ = {isa = PBXBuildFile; fileRef = 3F81A89246B30C682B55F0C0 /* Pods_BrainTeaser.framework */; };
/* End PBXBuildFile section */

/* Begin PBXFileReference section */
		279C7CDE1E7962EA001C25FE /* BrainTeaser.app */ = {isa = PBXFileReference; explicitFileType = wrapper.application; includeInIndex = 0; path = BrainTeaser.app; sourceTree = BUILT_PRODUCTS_DIR; };
		279C7CE11E7962EA001C25FE /* AppDelegate.swift */ = {isa = PBXFileReference; lastKnownFileType = sourcecode.swift; path = AppDelegate.swift; sourceTree = "<group>"; };
		279C7CE31E7962EA001C25FE /* LoginVC.swift */ = {isa = PBXFileReference; lastKnownFileType = sourcecode.swift; path = LoginVC.swift; sourceTree = "<group>"; };
		279C7CE61E7962EA001C25FE /* Base */ = {isa = PBXFileReference; lastKnownFileType = file.storyboard; name = Base; path = Base.lproj/Main.storyboard; sourceTree = "<group>"; };
		279C7CE81E7962EA001C25FE /* Assets.xcassets */ = {isa = PBXFileReference; lastKnownFileType = folder.assetcatalog; path = Assets.xcassets; sourceTree = "<group>"; };
		279C7CEB1E7962EA001C25FE /* Base */ = {isa = PBXFileReference; lastKnownFileType = file.storyboard; name = Base; path = Base.lproj/LaunchScreen.storyboard; sourceTree = "<group>"; };
		279C7CED1E7962EA001C25FE /* Info.plist */ = {isa = PBXFileReference; lastKnownFileType = text.plist.xml; path = Info.plist; sourceTree = "<group>"; };
		279C7CF31E79646B001C25FE /* BrainTeaser-Bridging-Header.h */ = {isa = PBXFileReference; lastKnownFileType = sourcecode.c.h; path = "BrainTeaser-Bridging-Header.h"; sourceTree = "<group>"; };
		27F201E81E796C7600A5156E /* CustomTextField.swift */ = {isa = PBXFileReference; fileEncoding = 4; lastKnownFileType = sourcecode.swift; path = CustomTextField.swift; sourceTree = "<group>"; };
		27F201EA1E796DC800A5156E /* CustomButton.swift */ = {isa = PBXFileReference; fileEncoding = 4; lastKnownFileType = sourcecode.swift; path = CustomButton.swift; sourceTree = "<group>"; };
		27F201EE1E79804700A5156E /* AnimationEngine.swift */ = {isa = PBXFileReference; fileEncoding = 4; lastKnownFileType = sourcecode.swift; path = AnimationEngine.swift; sourceTree = "<group>"; };
		3F81A89246B30C682B55F0C0 /* Pods_BrainTeaser.framework */ = {isa = PBXFileReference; explicitFileType = wrapper.framework; includeInIndex = 0; path = Pods_BrainTeaser.framework; sourceTree = BUILT_PRODUCTS_DIR; };
		548A83A2F63C7CF314AEDD5A /* Pods-BrainTeaser.release.xcconfig */ = {isa = PBXFileReference; includeInIndex = 1; lastKnownFileType = text.xcconfig; name = "Pods-BrainTeaser.release.xcconfig"; path = "Pods/Target Support Files/Pods-BrainTeaser/Pods-BrainTeaser.release.xcconfig"; sourceTree = "<group>"; };
		8F87F45DEF67345272938E9C /* Pods-BrainTeaser.debug.xcconfig */ = {isa = PBXFileReference; includeInIndex = 1; lastKnownFileType = text.xcconfig; name = "Pods-BrainTeaser.debug.xcconfig"; path = "Pods/Target Support Files/Pods-BrainTeaser/Pods-BrainTeaser.debug.xcconfig"; sourceTree = "<group>"; };
/* End PBXFileReference section */

/* Begin PBXFrameworksBuildPhase section */
		279C7CDB1E7962EA001C25FE /* Frameworks */ = {
			isa = PBXFrameworksBuildPhase;
			buildActionMask = 2147483647;
			files = (
				EC46CFDE812E22211107F0FF /* Pods_BrainTeaser.framework in Frameworks */,
			);
			runOnlyForDeploymentPostprocessing = 0;
		};
/* End PBXFrameworksBuildPhase section */

/* Begin PBXGroup section */
		279C7CD51E7962EA001C25FE = {
			isa = PBXGroup;
			children = (
				279C7CE01E7962EA001C25FE /* BrainTeaser */,
				279C7CDF1E7962EA001C25FE /* Products */,
				3AC766ECB429DC88C80008D7 /* Pods */,
				629B41E6A9F62BCD17EE8D04 /* Frameworks */,
			);
			sourceTree = "<group>";
		};
		279C7CDF1E7962EA001C25FE /* Products */ = {
			isa = PBXGroup;
			children = (
				279C7CDE1E7962EA001C25FE /* BrainTeaser.app */,
			);
			name = Products;
			sourceTree = "<group>";
		};
		279C7CE01E7962EA001C25FE /* BrainTeaser */ = {
			isa = PBXGroup;
			children = (
				27F201ED1E79803800A5156E /* Util */,
				27F201E41E79686100A5156E /* View */,
				27F201E71E79687500A5156E /* Controller */,
				279C7CE11E7962EA001C25FE /* AppDelegate.swift */,
				279C7CE51E7962EA001C25FE /* Main.storyboard */,
				279C7CE81E7962EA001C25FE /* Assets.xcassets */,
				279C7CEA1E7962EA001C25FE /* LaunchScreen.storyboard */,
				279C7CED1E7962EA001C25FE /* Info.plist */,
				279C7CF31E79646B001C25FE /* BrainTeaser-Bridging-Header.h */,
			);
			path = BrainTeaser;
			sourceTree = "<group>";
		};
		27F201E41E79686100A5156E /* View */ = {
			isa = PBXGroup;
			children = (
				27F201E81E796C7600A5156E /* CustomTextField.swift */,
				27F201EA1E796DC800A5156E /* CustomButton.swift */,
			);
			name = View;
			sourceTree = "<group>";
		};
		27F201E71E79687500A5156E /* Controller */ = {
			isa = PBXGroup;
			children = (
				279C7CE31E7962EA001C25FE /* LoginVC.swift */,
			);
			name = Controller;
			sourceTree = "<group>";
		};
		27F201ED1E79803800A5156E /* Util */ = {
			isa = PBXGroup;
			children = (
				27F201EE1E79804700A5156E /* AnimationEngine.swift */,
			);
			name = Util;
			sourceTree = "<group>";
		};
		3AC766ECB429DC88C80008D7 /* Pods */ = {
			isa = PBXGroup;
			children = (
				8F87F45DEF67345272938E9C /* Pods-BrainTeaser.debug.xcconfig */,
				548A83A2F63C7CF314AEDD5A /* Pods-BrainTeaser.release.xcconfig */,
			);
			name = Pods;
			sourceTree = "<group>";
		};
		629B41E6A9F62BCD17EE8D04 /* Frameworks */ = {
			isa = PBXGroup;
			children = (
				3F81A89246B30C682B55F0C0 /* Pods_BrainTeaser.framework */,
			);
			name = Frameworks;
			sourceTree = "<group>";
		};
/* End PBXGroup section */

/* Begin PBXNativeTarget section */
		279C7CDD1E7962EA001C25FE /* BrainTeaser */ = {
			isa = PBXNativeTarget;
			buildConfigurationList = 279C7CF01E7962EA001C25FE /* Build configuration list for PBXNativeTarget "BrainTeaser" */;
			buildPhases = (
				3ED6320CEAD413EF4B6A063E /* [CP] Check Pods Manifest.lock */,
				279C7CDA1E7962EA001C25FE /* Sources */,
				279C7CDB1E7962EA001C25FE /* Frameworks */,
				279C7CDC1E7962EA001C25FE /* Resources */,
				FBD00A400DE07B8AD3E8368D /* [CP] Embed Pods Frameworks */,
				F5CC604BD9702B85568E33BD /* [CP] Copy Pods Resources */,
			);
			buildRules = (
			);
			dependencies = (
			);
			name = BrainTeaser;
			productName = BrainTeaser;
			productReference = 279C7CDE1E7962EA001C25FE /* BrainTeaser.app */;
			productType = "com.apple.product-type.application";
		};
/* End PBXNativeTarget section */

/* Begin PBXProject section */
		279C7CD61E7962EA001C25FE /* Project object */ = {
			isa = PBXProject;
			attributes = {
				LastSwiftUpdateCheck = 0820;
				LastUpgradeCheck = 0820;
				ORGANIZATIONNAME = "Vasco Gomes";
				TargetAttributes = {
					279C7CDD1E7962EA001C25FE = {
						CreatedOnToolsVersion = 8.2.1;
						DevelopmentTeam = NZ9T8J253B;
						LastSwiftMigration = 0820;
						ProvisioningStyle = Automatic;
					};
				};
			};
			buildConfigurationList = 279C7CD91E7962EA001C25FE /* Build configuration list for PBXProject "BrainTeaser" */;
			compatibilityVersion = "Xcode 3.2";
			developmentRegion = English;
			hasScannedForEncodings = 0;
			knownRegions = (
				en,
				Base,
			);
			mainGroup = 279C7CD51E7962EA001C25FE;
			productRefGroup = 279C7CDF1E7962EA001C25FE /* Products */;
			projectDirPath = "";
			projectRoot = "";
			targets = (
				279C7CDD1E7962EA001C25FE /* BrainTeaser */,
			);
		};
/* End PBXProject section */

/* Begin PBXResourcesBuildPhase section */
		279C7CDC1E7962EA001C25FE /* Resources */ = {
			isa = PBXResourcesBuildPhase;
			buildActionMask = 2147483647;
			files = (
				279C7CEC1E7962EA001C25FE /* LaunchScreen.storyboard in Resources */,
				279C7CE91E7962EA001C25FE /* Assets.xcassets in Resources */,
				279C7CE71E7962EA001C25FE /* Main.storyboard in Resources */,
			);
			runOnlyForDeploymentPostprocessing = 0;
		};
/* End PBXResourcesBuildPhase section */

/* Begin PBXShellScriptBuildPhase section */
		3ED6320CEAD413EF4B6A063E /* [CP] Check Pods Manifest.lock */ = {
			isa = PBXShellScriptBuildPhase;
			buildActionMask = 2147483647;
			files = (
			);
			inputPaths = (
			);
			name = "[CP] Check Pods Manifest.lock";
			outputPaths = (
			);
			runOnlyForDeploymentPostprocessing = 0;
			shellPath = /bin/sh;
			shellScript = "diff \"${PODS_ROOT}/../Podfile.lock\" \"${PODS_ROOT}/Manifest.lock\" > /dev/null\nif [ $? != 0 ] ; then\n    # print error to STDERR\n    echo \"error: The sandbox is not in sync with the Podfile.lock. Run 'pod install' or update your CocoaPods installation.\" >&2\n    exit 1\nfi\n";
			showEnvVarsInLog = 0;
		};
		F5CC604BD9702B85568E33BD /* [CP] Copy Pods Resources */ = {
			isa = PBXShellScriptBuildPhase;
			buildActionMask = 2147483647;
			files = (
			);
			inputPaths = (
			);
			name = "[CP] Copy Pods Resources";
			outputPaths = (
			);
			runOnlyForDeploymentPostprocessing = 0;
			shellPath = /bin/sh;
			shellScript = "\"${SRCROOT}/Pods/Target Support Files/Pods-BrainTeaser/Pods-BrainTeaser-resources.sh\"\n";
			showEnvVarsInLog = 0;
		};
		FBD00A400DE07B8AD3E8368D /* [CP] Embed Pods Frameworks */ = {
			isa = PBXShellScriptBuildPhase;
			buildActionMask = 2147483647;
			files = (
			);
			inputPaths = (
			);
			name = "[CP] Embed Pods Frameworks";
			outputPaths = (
			);
			runOnlyForDeploymentPostprocessing = 0;
			shellPath = /bin/sh;
			shellScript = "\"${SRCROOT}/Pods/Target Support Files/Pods-BrainTeaser/Pods-BrainTeaser-frameworks.sh\"\n";
			showEnvVarsInLog = 0;
		};
/* End PBXShellScriptBuildPhase section */

/* Begin PBXSourcesBuildPhase section */
		279C7CDA1E7962EA001C25FE /* Sources */ = {
			isa = PBXSourcesBuildPhase;
			buildActionMask = 2147483647;
			files = (
				27F201EB1E796DC800A5156E /* CustomButton.swift in Sources */,
				279C7CE41E7962EA001C25FE /* LoginVC.swift in Sources */,
				279C7CE21E7962EA001C25FE /* AppDelegate.swift in Sources */,
				27F201EF1E79804700A5156E /* AnimationEngine.swift in Sources */,
				27F201E91E796C7600A5156E /* CustomTextField.swift in Sources */,
			);
			runOnlyForDeploymentPostprocessing = 0;
		};
/* End PBXSourcesBuildPhase section */

/* Begin PBXVariantGroup section */
		279C7CE51E7962EA001C25FE /* Main.storyboard */ = {
			isa = PBXVariantGroup;
			children = (
				279C7CE61E7962EA001C25FE /* Base */,
			);
			name = Main.storyboard;
			sourceTree = "<group>";
		};
		279C7CEA1E7962EA001C25FE /* LaunchScreen.storyboard */ = {
			isa = PBXVariantGroup;
			children = (
				279C7CEB1E7962EA001C25FE /* Base */,
			);
			name = LaunchScreen.storyboard;
			sourceTree = "<group>";
		};
/* End PBXVariantGroup section */

/* Begin XCBuildConfiguration section */
		279C7CEE1E7962EA001C25FE /* Debug */ = {
			isa = XCBuildConfiguration;
			buildSettings = {
				ALWAYS_SEARCH_USER_PATHS = NO;
				CLANG_ANALYZER_NONNULL = YES;
				CLANG_CXX_LANGUAGE_STANDARD = "gnu++0x";
				CLANG_CXX_LIBRARY = "libc++";
				CLANG_ENABLE_MODULES = YES;
				CLANG_ENABLE_OBJC_ARC = YES;
				CLANG_WARN_BOOL_CONVERSION = YES;
				CLANG_WARN_CONSTANT_CONVERSION = YES;
				CLANG_WARN_DIRECT_OBJC_ISA_USAGE = YES_ERROR;
				CLANG_WARN_DOCUMENTATION_COMMENTS = YES;
				CLANG_WARN_EMPTY_BODY = YES;
				CLANG_WARN_ENUM_CONVERSION = YES;
				CLANG_WARN_INFINITE_RECURSION = YES;
				CLANG_WARN_INT_CONVERSION = YES;
				CLANG_WARN_OBJC_ROOT_CLASS = YES_ERROR;
				CLANG_WARN_SUSPICIOUS_MOVE = YES;
				CLANG_WARN_UNREACHABLE_CODE = YES;
				CLANG_WARN__DUPLICATE_METHOD_MATCH = YES;
				"CODE_SIGN_IDENTITY[sdk=iphoneos*]" = "iPhone Developer";
				COPY_PHASE_STRIP = NO;
				DEBUG_INFORMATION_FORMAT = dwarf;
				ENABLE_STRICT_OBJC_MSGSEND = YES;
				ENABLE_TESTABILITY = YES;
				GCC_C_LANGUAGE_STANDARD = gnu99;
				GCC_DYNAMIC_NO_PIC = NO;
				GCC_NO_COMMON_BLOCKS = YES;
				GCC_OPTIMIZATION_LEVEL = 0;
				GCC_PREPROCESSOR_DEFINITIONS = (
					"DEBUG=1",
					"$(inherited)",
				);
				GCC_WARN_64_TO_32_BIT_CONVERSION = YES;
				GCC_WARN_ABOUT_RETURN_TYPE = YES_ERROR;
				GCC_WARN_UNDECLARED_SELECTOR = YES;
				GCC_WARN_UNINITIALIZED_AUTOS = YES_AGGRESSIVE;
				GCC_WARN_UNUSED_FUNCTION = YES;
				GCC_WARN_UNUSED_VARIABLE = YES;
				IPHONEOS_DEPLOYMENT_TARGET = 10.2;
				MTL_ENABLE_DEBUG_INFO = YES;
				ONLY_ACTIVE_ARCH = YES;
				SDKROOT = iphoneos;
				SWIFT_ACTIVE_COMPILATION_CONDITIONS = DEBUG;
				SWIFT_OPTIMIZATION_LEVEL = "-Onone";
				TARGETED_DEVICE_FAMILY = "1,2";
			};
			name = Debug;
		};
		279C7CEF1E7962EA001C25FE /* Release */ = {
			isa = XCBuildConfiguration;
			buildSettings = {
				ALWAYS_SEARCH_USER_PATHS = NO;
				CLANG_ANALYZER_NONNULL = YES;
				CLANG_CXX_LANGUAGE_STANDARD = "gnu++0x";
				CLANG_CXX_LIBRARY = "libc++";
				CLANG_ENABLE_MODULES = YES;
				CLANG_ENABLE_OBJC_ARC = YES;
				CLANG_WARN_BOOL_CONVERSION = YES;
				CLANG_WARN_CONSTANT_CONVERSION = YES;
				CLANG_WARN_DIRECT_OBJC_ISA_USAGE = YES_ERROR;
				CLANG_WARN_DOCUMENTATION_COMMENTS = YES;
				CLANG_WARN_EMPTY_BODY = YES;
				CLANG_WARN_ENUM_CONVERSION = YES;
				CLANG_WARN_INFINITE_RECURSION = YES;
				CLANG_WARN_INT_CONVERSION = YES;
				CLANG_WARN_OBJC_ROOT_CLASS = YES_ERROR;
				CLANG_WARN_SUSPICIOUS_MOVE = YES;
				CLANG_WARN_UNREACHABLE_CODE = YES;
				CLANG_WARN__DUPLICATE_METHOD_MATCH = YES;
				"CODE_SIGN_IDENTITY[sdk=iphoneos*]" = "iPhone Developer";
				COPY_PHASE_STRIP = NO;
				DEBUG_INFORMATION_FORMAT = "dwarf-with-dsym";
				ENABLE_NS_ASSERTIONS = NO;
				ENABLE_STRICT_OBJC_MSGSEND = YES;
				GCC_C_LANGUAGE_STANDARD = gnu99;
				GCC_NO_COMMON_BLOCKS = YES;
				GCC_WARN_64_TO_32_BIT_CONVERSION = YES;
				GCC_WARN_ABOUT_RETURN_TYPE = YES_ERROR;
				GCC_WARN_UNDECLARED_SELECTOR = YES;
				GCC_WARN_UNINITIALIZED_AUTOS = YES_AGGRESSIVE;
				GCC_WARN_UNUSED_FUNCTION = YES;
				GCC_WARN_UNUSED_VARIABLE = YES;
				IPHONEOS_DEPLOYMENT_TARGET = 10.2;
				MTL_ENABLE_DEBUG_INFO = NO;
				SDKROOT = iphoneos;
				SWIFT_OPTIMIZATION_LEVEL = "-Owholemodule";
				TARGETED_DEVICE_FAMILY = "1,2";
				VALIDATE_PRODUCT = YES;
			};
			name = Release;
		};
		279C7CF11E7962EA001C25FE /* Debug */ = {
			isa = XCBuildConfiguration;
			baseConfigurationReference = 8F87F45DEF67345272938E9C /* Pods-BrainTeaser.debug.xcconfig */;
			buildSettings = {
				ASSETCATALOG_COMPILER_APPICON_NAME = AppIcon;
				CLANG_ENABLE_MODULES = YES;
				DEVELOPMENT_TEAM = NZ9T8J253B;
				INFOPLIST_FILE = BrainTeaser/Info.plist;
				LD_RUNPATH_SEARCH_PATHS = "$(inherited) @executable_path/Frameworks";
				PRODUCT_BUNDLE_IDENTIFIER = com.vascoGomes.BrainTeaser;
				PRODUCT_NAME = "$(TARGET_NAME)";
				SWIFT_OBJC_BRIDGING_HEADER = "BrainTeaser/BrainTeaser-Bridging-Header.h";
				SWIFT_OPTIMIZATION_LEVEL = "-Onone";
				SWIFT_VERSION = 3.0;
			};
			name = Debug;
		};
		279C7CF21E7962EA001C25FE /* Release */ = {
			isa = XCBuildConfiguration;
			baseConfigurationReference = 548A83A2F63C7CF314AEDD5A /* Pods-BrainTeaser.release.xcconfig */;
			buildSettings = {
				ASSETCATALOG_COMPILER_APPICON_NAME = AppIcon;
				CLANG_ENABLE_MODULES = YES;
				DEVELOPMENT_TEAM = NZ9T8J253B;
				INFOPLIST_FILE = BrainTeaser/Info.plist;
				LD_RUNPATH_SEARCH_PATHS = "$(inherited) @executable_path/Frameworks";
				PRODUCT_BUNDLE_IDENTIFIER = com.vascoGomes.BrainTeaser;
				PRODUCT_NAME = "$(TARGET_NAME)";
				SWIFT_OBJC_BRIDGING_HEADER = "BrainTeaser/BrainTeaser-Bridging-Header.h";
				SWIFT_VERSION = 3.0;
			};
			name = Release;
		};
/* End XCBuildConfiguration section */

/* Begin XCConfigurationList section */
		279C7CD91E7962EA001C25FE /* Build configuration list for PBXProject "BrainTeaser" */ = {
			isa = XCConfigurationList;
			buildConfigurations = (
				279C7CEE1E7962EA001C25FE /* Debug */,
				279C7CEF1E7962EA001C25FE /* Release */,
			);
			defaultConfigurationIsVisible = 0;
			defaultConfigurationName = Release;
		};
		279C7CF01E7962EA001C25FE /* Build configuration list for PBXNativeTarget "BrainTeaser" */ = {
			isa = XCConfigurationList;
			buildConfigurations = (
				279C7CF11E7962EA001C25FE /* Debug */,
				279C7CF21E7962EA001C25FE /* Release */,
			);
			defaultConfigurationIsVisible = 0;
			defaultConfigurationName = Release;
		};
/* End XCConfigurationList section */
	};
	rootObject = 279C7CD61E7962EA001C25FE /* Project object */;
}
